// !$*UTF8*$!
{
	archiveVersion = 1;
	classes = {
	};
	objectVersion = 51;
	objects = {

/* Begin PBXBuildFile section */
		041A0DB5264B8D8900B92738 /* DateItem.swift in Sources */ = {isa = PBXBuildFile; fileRef = 041A0DB4264B8D8900B92738 /* DateItem.swift */; };
		0440D7D1265259EC009883E4 /* Utilities.swift in Sources */ = {isa = PBXBuildFile; fileRef = 0440D7D0265259EC009883E4 /* Utilities.swift */; };
		04553EAB2650C1C6001CDA26 /* PracticeLogic.swift in Sources */ = {isa = PBXBuildFile; fileRef = 04553EAA2650C1C6001CDA26 /* PracticeLogic.swift */; };
		04553EAF2650D25C001CDA26 /* PracticeViewModel.swift in Sources */ = {isa = PBXBuildFile; fileRef = 04553EAE2650D25C001CDA26 /* PracticeViewModel.swift */; };
		04633FB626479CD400BE576F /* FirstPhaseApp.swift in Sources */ = {isa = PBXBuildFile; fileRef = 04633FB526479CD400BE576F /* FirstPhaseApp.swift */; };
		04633FB826479CD400BE576F /* ContentView.swift in Sources */ = {isa = PBXBuildFile; fileRef = 04633FB726479CD400BE576F /* ContentView.swift */; };
		04633FBA26479CD500BE576F /* Assets.xcassets in Resources */ = {isa = PBXBuildFile; fileRef = 04633FB926479CD500BE576F /* Assets.xcassets */; };
		04633FBD26479CD500BE576F /* Preview Assets.xcassets in Resources */ = {isa = PBXBuildFile; fileRef = 04633FBC26479CD500BE576F /* Preview Assets.xcassets */; };
		04633FC826479CD600BE576F /* FirstPhaseTests.swift in Sources */ = {isa = PBXBuildFile; fileRef = 04633FC726479CD600BE576F /* FirstPhaseTests.swift */; };
		04633FD326479CD600BE576F /* FirstPhaseUITests.swift in Sources */ = {isa = PBXBuildFile; fileRef = 04633FD226479CD600BE576F /* FirstPhaseUITests.swift */; };
		0474A59D264923A700D98E8E /* OneTweetView.swift in Sources */ = {isa = PBXBuildFile; fileRef = 0474A59C264923A700D98E8E /* OneTweetView.swift */; };
		0474A59F2649332200D98E8E /* OnePracticeView.swift in Sources */ = {isa = PBXBuildFile; fileRef = 0474A59E2649332200D98E8E /* OnePracticeView.swift */; };
		0488F07F264CBAC800476C97 /* WeekCalendarViewParts.swift in Sources */ = {isa = PBXBuildFile; fileRef = 0488F07E264CBAC800476C97 /* WeekCalendarViewParts.swift */; };
		0488F081264CC31100476C97 /* DayCalendarViewParts.swift in Sources */ = {isa = PBXBuildFile; fileRef = 0488F080264CC31100476C97 /* DayCalendarViewParts.swift */; };
		0488F085264CCC9000476C97 /* CreatePracticeView.swift in Sources */ = {isa = PBXBuildFile; fileRef = 0488F084264CCC9000476C97 /* CreatePracticeView.swift */; };
		0488F087264CCCAB00476C97 /* TweetPracticeView.swift in Sources */ = {isa = PBXBuildFile; fileRef = 0488F086264CCCAB00476C97 /* TweetPracticeView.swift */; };
		0489B59C264A23A800BB0DD9 /* ResultByGraph.swift in Sources */ = {isa = PBXBuildFile; fileRef = 0489B59B264A23A800BB0DD9 /* ResultByGraph.swift */; };
		0489B59E264A23BA00BB0DD9 /* ResultByCalendar.swift in Sources */ = {isa = PBXBuildFile; fileRef = 0489B59D264A23BA00BB0DD9 /* ResultByCalendar.swift */; };
		0489B5A1264A25A300BB0DD9 /* ResultGraphViewParts.swift in Sources */ = {isa = PBXBuildFile; fileRef = 0489B5A0264A25A300BB0DD9 /* ResultGraphViewParts.swift */; };
		0497AA4C2648FB30000082CE /* MainTabView.swift in Sources */ = {isa = PBXBuildFile; fileRef = 0497AA4B2648FB30000082CE /* MainTabView.swift */; };
		0497AA4E26490001000082CE /* TweetView.swift in Sources */ = {isa = PBXBuildFile; fileRef = 0497AA4D26490001000082CE /* TweetView.swift */; };
		0497AA5126490050000082CE /* PracticeView.swift in Sources */ = {isa = PBXBuildFile; fileRef = 0497AA5026490050000082CE /* PracticeView.swift */; };
		0497AA532649005D000082CE /* ResultView.swift in Sources */ = {isa = PBXBuildFile; fileRef = 0497AA522649005D000082CE /* ResultView.swift */; };
		0497AA552649006B000082CE /* SettingOtherView.swift in Sources */ = {isa = PBXBuildFile; fileRef = 0497AA542649006B000082CE /* SettingOtherView.swift */; };
		04985D3C26564C980006C5E5 /* CommentViewModel.swift in Sources */ = {isa = PBXBuildFile; fileRef = 04985D3B26564C980006C5E5 /* CommentViewModel.swift */; };
		04985D3E26564D2C0006C5E5 /* CommentLogic.swift in Sources */ = {isa = PBXBuildFile; fileRef = 04985D3D26564D2C0006C5E5 /* CommentLogic.swift */; };
		04A2431F264BBA6400F4C566 /* CalendarViewModel.swift in Sources */ = {isa = PBXBuildFile; fileRef = 04A2431E264BBA6400F4C566 /* CalendarViewModel.swift */; };
		04A25A50265941F100CB91CD /* PracticeLogicTests.swift in Sources */ = {isa = PBXBuildFile; fileRef = 04A25A4F265941F100CB91CD /* PracticeLogicTests.swift */; };
		04A31039265394B7008278CA /* UserViewModel.swift in Sources */ = {isa = PBXBuildFile; fileRef = 04A31038265394B7008278CA /* UserViewModel.swift */; };
		04A3103B2653952C008278CA /* UserLogic.swift in Sources */ = {isa = PBXBuildFile; fileRef = 04A3103A2653952C008278CA /* UserLogic.swift */; };
		04A3103D2653A048008278CA /* GoogleService-Info.plist in Resources */ = {isa = PBXBuildFile; fileRef = 04A3103C2653A048008278CA /* GoogleService-Info.plist */; };
		04A310402653A852008278CA /* AppDelegate.swift in Sources */ = {isa = PBXBuildFile; fileRef = 04A3103F2653A852008278CA /* AppDelegate.swift */; };
		04AA219B264E653A003963D1 /* Practice.swift in Sources */ = {isa = PBXBuildFile; fileRef = 04AA219A264E653A003963D1 /* Practice.swift */; };
		04AA219D264E718E003963D1 /* SampleData.swift in Sources */ = {isa = PBXBuildFile; fileRef = 04AA219C264E718E003963D1 /* SampleData.swift */; };
		04AE2F8F2653743A00F0D945 /* Tweet.swift in Sources */ = {isa = PBXBuildFile; fileRef = 04AE2F8E2653743A00F0D945 /* Tweet.swift */; };
		04AE2F91265379E800F0D945 /* User.swift in Sources */ = {isa = PBXBuildFile; fileRef = 04AE2F90265379E800F0D945 /* User.swift */; };
		04AE2F9326537BC100F0D945 /* Comment.swift in Sources */ = {isa = PBXBuildFile; fileRef = 04AE2F9226537BC100F0D945 /* Comment.swift */; };
		04AE2F9526537FEA00F0D945 /* TweetViewModel.swift in Sources */ = {isa = PBXBuildFile; fileRef = 04AE2F9426537FEA00F0D945 /* TweetViewModel.swift */; };
		04AE2F972653801900F0D945 /* TweetLogic.swift in Sources */ = {isa = PBXBuildFile; fileRef = 04AE2F962653801900F0D945 /* TweetLogic.swift */; };
		04C4F35E264A74BD0045C71F /* ResultCalendarViewParts.swift in Sources */ = {isa = PBXBuildFile; fileRef = 04C4F35D264A74BD0045C71F /* ResultCalendarViewParts.swift */; };
		04C4F360264A7D070045C71F /* CalendarLogic.swift in Sources */ = {isa = PBXBuildFile; fileRef = 04C4F35F264A7D070045C71F /* CalendarLogic.swift */; };
		3F43025D032CA9BA2CC39D39 /* Pods_FirstPhase_FirstPhaseUITests.framework in Frameworks */ = {isa = PBXBuildFile; fileRef = EF2431B31D70C8D32D5CA6C7 /* Pods_FirstPhase_FirstPhaseUITests.framework */; };
		4D5F3CB9BA63797D7F1648C8 /* Pods_FirstPhaseTests.framework in Frameworks */ = {isa = PBXBuildFile; fileRef = A19936E056A5B1DD151433F8 /* Pods_FirstPhaseTests.framework */; };
		88BE3A27D4190F48690023F7 /* Pods_FirstPhase.framework in Frameworks */ = {isa = PBXBuildFile; fileRef = 64ED62753EF46EDF8EAEE5C5 /* Pods_FirstPhase.framework */; };
/* End PBXBuildFile section */

/* Begin PBXContainerItemProxy section */
		04633FC426479CD600BE576F /* PBXContainerItemProxy */ = {
			isa = PBXContainerItemProxy;
			containerPortal = 04633FAA26479CD400BE576F /* Project object */;
			proxyType = 1;
			remoteGlobalIDString = 04633FB126479CD400BE576F;
			remoteInfo = FirstPhase;
		};
		04633FCF26479CD600BE576F /* PBXContainerItemProxy */ = {
			isa = PBXContainerItemProxy;
			containerPortal = 04633FAA26479CD400BE576F /* Project object */;
			proxyType = 1;
			remoteGlobalIDString = 04633FB126479CD400BE576F;
			remoteInfo = FirstPhase;
		};
/* End PBXContainerItemProxy section */

/* Begin PBXFileReference section */
		041A0DB4264B8D8900B92738 /* DateItem.swift */ = {isa = PBXFileReference; lastKnownFileType = sourcecode.swift; path = DateItem.swift; sourceTree = "<group>"; };
		0440D7D0265259EC009883E4 /* Utilities.swift */ = {isa = PBXFileReference; lastKnownFileType = sourcecode.swift; path = Utilities.swift; sourceTree = "<group>"; };
		04553EAA2650C1C6001CDA26 /* PracticeLogic.swift */ = {isa = PBXFileReference; lastKnownFileType = sourcecode.swift; path = PracticeLogic.swift; sourceTree = "<group>"; };
		04553EAE2650D25C001CDA26 /* PracticeViewModel.swift */ = {isa = PBXFileReference; lastKnownFileType = sourcecode.swift; path = PracticeViewModel.swift; sourceTree = "<group>"; };
		04633FB226479CD400BE576F /* FirstPhase.app */ = {isa = PBXFileReference; explicitFileType = wrapper.application; includeInIndex = 0; path = FirstPhase.app; sourceTree = BUILT_PRODUCTS_DIR; };
		04633FB526479CD400BE576F /* FirstPhaseApp.swift */ = {isa = PBXFileReference; lastKnownFileType = sourcecode.swift; path = FirstPhaseApp.swift; sourceTree = "<group>"; };
		04633FB726479CD400BE576F /* ContentView.swift */ = {isa = PBXFileReference; lastKnownFileType = sourcecode.swift; path = ContentView.swift; sourceTree = "<group>"; };
		04633FB926479CD500BE576F /* Assets.xcassets */ = {isa = PBXFileReference; lastKnownFileType = folder.assetcatalog; path = Assets.xcassets; sourceTree = "<group>"; };
		04633FBC26479CD500BE576F /* Preview Assets.xcassets */ = {isa = PBXFileReference; lastKnownFileType = folder.assetcatalog; path = "Preview Assets.xcassets"; sourceTree = "<group>"; };
		04633FBE26479CD500BE576F /* Info.plist */ = {isa = PBXFileReference; lastKnownFileType = text.plist.xml; path = Info.plist; sourceTree = "<group>"; };
		04633FC326479CD600BE576F /* FirstPhaseTests.xctest */ = {isa = PBXFileReference; explicitFileType = wrapper.cfbundle; includeInIndex = 0; path = FirstPhaseTests.xctest; sourceTree = BUILT_PRODUCTS_DIR; };
		04633FC726479CD600BE576F /* FirstPhaseTests.swift */ = {isa = PBXFileReference; lastKnownFileType = sourcecode.swift; path = FirstPhaseTests.swift; sourceTree = "<group>"; };
		04633FC926479CD600BE576F /* Info.plist */ = {isa = PBXFileReference; lastKnownFileType = text.plist.xml; path = Info.plist; sourceTree = "<group>"; };
		04633FCE26479CD600BE576F /* FirstPhaseUITests.xctest */ = {isa = PBXFileReference; explicitFileType = wrapper.cfbundle; includeInIndex = 0; path = FirstPhaseUITests.xctest; sourceTree = BUILT_PRODUCTS_DIR; };
		04633FD226479CD600BE576F /* FirstPhaseUITests.swift */ = {isa = PBXFileReference; lastKnownFileType = sourcecode.swift; path = FirstPhaseUITests.swift; sourceTree = "<group>"; };
		04633FD426479CD600BE576F /* Info.plist */ = {isa = PBXFileReference; lastKnownFileType = text.plist.xml; path = Info.plist; sourceTree = "<group>"; };
		0474A59C264923A700D98E8E /* OneTweetView.swift */ = {isa = PBXFileReference; lastKnownFileType = sourcecode.swift; path = OneTweetView.swift; sourceTree = "<group>"; };
		0474A59E2649332200D98E8E /* OnePracticeView.swift */ = {isa = PBXFileReference; lastKnownFileType = sourcecode.swift; path = OnePracticeView.swift; sourceTree = "<group>"; };
		0488F07E264CBAC800476C97 /* WeekCalendarViewParts.swift */ = {isa = PBXFileReference; lastKnownFileType = sourcecode.swift; path = WeekCalendarViewParts.swift; sourceTree = "<group>"; };
		0488F080264CC31100476C97 /* DayCalendarViewParts.swift */ = {isa = PBXFileReference; lastKnownFileType = sourcecode.swift; path = DayCalendarViewParts.swift; sourceTree = "<group>"; };
		0488F084264CCC9000476C97 /* CreatePracticeView.swift */ = {isa = PBXFileReference; lastKnownFileType = sourcecode.swift; path = CreatePracticeView.swift; sourceTree = "<group>"; };
		0488F086264CCCAB00476C97 /* TweetPracticeView.swift */ = {isa = PBXFileReference; lastKnownFileType = sourcecode.swift; path = TweetPracticeView.swift; sourceTree = "<group>"; };
		0489B59B264A23A800BB0DD9 /* ResultByGraph.swift */ = {isa = PBXFileReference; lastKnownFileType = sourcecode.swift; path = ResultByGraph.swift; sourceTree = "<group>"; };
		0489B59D264A23BA00BB0DD9 /* ResultByCalendar.swift */ = {isa = PBXFileReference; lastKnownFileType = sourcecode.swift; path = ResultByCalendar.swift; sourceTree = "<group>"; };
		0489B5A0264A25A300BB0DD9 /* ResultGraphViewParts.swift */ = {isa = PBXFileReference; lastKnownFileType = sourcecode.swift; path = ResultGraphViewParts.swift; sourceTree = "<group>"; };
		0497AA4B2648FB30000082CE /* MainTabView.swift */ = {isa = PBXFileReference; lastKnownFileType = sourcecode.swift; path = MainTabView.swift; sourceTree = "<group>"; };
		0497AA4D26490001000082CE /* TweetView.swift */ = {isa = PBXFileReference; lastKnownFileType = sourcecode.swift; path = TweetView.swift; sourceTree = "<group>"; };
		0497AA5026490050000082CE /* PracticeView.swift */ = {isa = PBXFileReference; lastKnownFileType = sourcecode.swift; path = PracticeView.swift; sourceTree = "<group>"; };
		0497AA522649005D000082CE /* ResultView.swift */ = {isa = PBXFileReference; lastKnownFileType = sourcecode.swift; path = ResultView.swift; sourceTree = "<group>"; };
		0497AA542649006B000082CE /* SettingOtherView.swift */ = {isa = PBXFileReference; lastKnownFileType = sourcecode.swift; path = SettingOtherView.swift; sourceTree = "<group>"; };
		04985D3B26564C980006C5E5 /* CommentViewModel.swift */ = {isa = PBXFileReference; lastKnownFileType = sourcecode.swift; path = CommentViewModel.swift; sourceTree = "<group>"; };
		04985D3D26564D2C0006C5E5 /* CommentLogic.swift */ = {isa = PBXFileReference; lastKnownFileType = sourcecode.swift; path = CommentLogic.swift; sourceTree = "<group>"; };
		04A2431E264BBA6400F4C566 /* CalendarViewModel.swift */ = {isa = PBXFileReference; lastKnownFileType = sourcecode.swift; path = CalendarViewModel.swift; sourceTree = "<group>"; };
		04A25A4F265941F100CB91CD /* PracticeLogicTests.swift */ = {isa = PBXFileReference; lastKnownFileType = sourcecode.swift; path = PracticeLogicTests.swift; sourceTree = "<group>"; };
		04A31038265394B7008278CA /* UserViewModel.swift */ = {isa = PBXFileReference; lastKnownFileType = sourcecode.swift; path = UserViewModel.swift; sourceTree = "<group>"; };
		04A3103A2653952C008278CA /* UserLogic.swift */ = {isa = PBXFileReference; lastKnownFileType = sourcecode.swift; path = UserLogic.swift; sourceTree = "<group>"; };
		04A3103C2653A048008278CA /* GoogleService-Info.plist */ = {isa = PBXFileReference; fileEncoding = 4; lastKnownFileType = text.plist.xml; path = "GoogleService-Info.plist"; sourceTree = "<group>"; };
		04A3103F2653A852008278CA /* AppDelegate.swift */ = {isa = PBXFileReference; lastKnownFileType = sourcecode.swift; path = AppDelegate.swift; sourceTree = "<group>"; };
		04AA219A264E653A003963D1 /* Practice.swift */ = {isa = PBXFileReference; lastKnownFileType = sourcecode.swift; path = Practice.swift; sourceTree = "<group>"; };
		04AA219C264E718E003963D1 /* SampleData.swift */ = {isa = PBXFileReference; lastKnownFileType = sourcecode.swift; path = SampleData.swift; sourceTree = "<group>"; };
		04AE2F8E2653743A00F0D945 /* Tweet.swift */ = {isa = PBXFileReference; lastKnownFileType = sourcecode.swift; path = Tweet.swift; sourceTree = "<group>"; };
		04AE2F90265379E800F0D945 /* User.swift */ = {isa = PBXFileReference; lastKnownFileType = sourcecode.swift; path = User.swift; sourceTree = "<group>"; };
		04AE2F9226537BC100F0D945 /* Comment.swift */ = {isa = PBXFileReference; lastKnownFileType = sourcecode.swift; path = Comment.swift; sourceTree = "<group>"; };
		04AE2F9426537FEA00F0D945 /* TweetViewModel.swift */ = {isa = PBXFileReference; lastKnownFileType = sourcecode.swift; path = TweetViewModel.swift; sourceTree = "<group>"; };
		04AE2F962653801900F0D945 /* TweetLogic.swift */ = {isa = PBXFileReference; lastKnownFileType = sourcecode.swift; path = TweetLogic.swift; sourceTree = "<group>"; };
		04C4F35D264A74BD0045C71F /* ResultCalendarViewParts.swift */ = {isa = PBXFileReference; lastKnownFileType = sourcecode.swift; path = ResultCalendarViewParts.swift; sourceTree = "<group>"; };
		04C4F35F264A7D070045C71F /* CalendarLogic.swift */ = {isa = PBXFileReference; lastKnownFileType = sourcecode.swift; path = CalendarLogic.swift; sourceTree = "<group>"; };
		110AE18D2AA30B0B26FB9E57 /* Pods-FirstPhase.release.xcconfig */ = {isa = PBXFileReference; includeInIndex = 1; lastKnownFileType = text.xcconfig; name = "Pods-FirstPhase.release.xcconfig"; path = "Target Support Files/Pods-FirstPhase/Pods-FirstPhase.release.xcconfig"; sourceTree = "<group>"; };
		64ED62753EF46EDF8EAEE5C5 /* Pods_FirstPhase.framework */ = {isa = PBXFileReference; explicitFileType = wrapper.framework; includeInIndex = 0; path = Pods_FirstPhase.framework; sourceTree = BUILT_PRODUCTS_DIR; };
		7A7E2004AF5379B6F0A4ABEB /* Pods-FirstPhaseTests.debug.xcconfig */ = {isa = PBXFileReference; includeInIndex = 1; lastKnownFileType = text.xcconfig; name = "Pods-FirstPhaseTests.debug.xcconfig"; path = "Target Support Files/Pods-FirstPhaseTests/Pods-FirstPhaseTests.debug.xcconfig"; sourceTree = "<group>"; };
		A19936E056A5B1DD151433F8 /* Pods_FirstPhaseTests.framework */ = {isa = PBXFileReference; explicitFileType = wrapper.framework; includeInIndex = 0; path = Pods_FirstPhaseTests.framework; sourceTree = BUILT_PRODUCTS_DIR; };
		BB66E3D1725819A82ACABF48 /* Pods-FirstPhase-FirstPhaseUITests.debug.xcconfig */ = {isa = PBXFileReference; includeInIndex = 1; lastKnownFileType = text.xcconfig; name = "Pods-FirstPhase-FirstPhaseUITests.debug.xcconfig"; path = "Target Support Files/Pods-FirstPhase-FirstPhaseUITests/Pods-FirstPhase-FirstPhaseUITests.debug.xcconfig"; sourceTree = "<group>"; };
		CF0E3BB70EF963DAB9B81AF4 /* Pods-FirstPhase-FirstPhaseUITests.release.xcconfig */ = {isa = PBXFileReference; includeInIndex = 1; lastKnownFileType = text.xcconfig; name = "Pods-FirstPhase-FirstPhaseUITests.release.xcconfig"; path = "Target Support Files/Pods-FirstPhase-FirstPhaseUITests/Pods-FirstPhase-FirstPhaseUITests.release.xcconfig"; sourceTree = "<group>"; };
		EF2431B31D70C8D32D5CA6C7 /* Pods_FirstPhase_FirstPhaseUITests.framework */ = {isa = PBXFileReference; explicitFileType = wrapper.framework; includeInIndex = 0; path = Pods_FirstPhase_FirstPhaseUITests.framework; sourceTree = BUILT_PRODUCTS_DIR; };
		F6CB1979666E0B0C1826C47E /* Pods-FirstPhase.debug.xcconfig */ = {isa = PBXFileReference; includeInIndex = 1; lastKnownFileType = text.xcconfig; name = "Pods-FirstPhase.debug.xcconfig"; path = "Target Support Files/Pods-FirstPhase/Pods-FirstPhase.debug.xcconfig"; sourceTree = "<group>"; };
		F9290371B7B835B27685D020 /* Pods-FirstPhaseTests.release.xcconfig */ = {isa = PBXFileReference; includeInIndex = 1; lastKnownFileType = text.xcconfig; name = "Pods-FirstPhaseTests.release.xcconfig"; path = "Target Support Files/Pods-FirstPhaseTests/Pods-FirstPhaseTests.release.xcconfig"; sourceTree = "<group>"; };
/* End PBXFileReference section */

/* Begin PBXFrameworksBuildPhase section */
		04633FAF26479CD400BE576F /* Frameworks */ = {
			isa = PBXFrameworksBuildPhase;
			buildActionMask = 2147483647;
			files = (
				88BE3A27D4190F48690023F7 /* Pods_FirstPhase.framework in Frameworks */,
			);
			runOnlyForDeploymentPostprocessing = 0;
		};
		04633FC026479CD600BE576F /* Frameworks */ = {
			isa = PBXFrameworksBuildPhase;
			buildActionMask = 2147483647;
			files = (
				4D5F3CB9BA63797D7F1648C8 /* Pods_FirstPhaseTests.framework in Frameworks */,
			);
			runOnlyForDeploymentPostprocessing = 0;
		};
		04633FCB26479CD600BE576F /* Frameworks */ = {
			isa = PBXFrameworksBuildPhase;
			buildActionMask = 2147483647;
			files = (
				3F43025D032CA9BA2CC39D39 /* Pods_FirstPhase_FirstPhaseUITests.framework in Frameworks */,
			);
			runOnlyForDeploymentPostprocessing = 0;
		};
/* End PBXFrameworksBuildPhase section */

/* Begin PBXGroup section */
		0440D7CF265259B1009883E4 /* Utilities */ = {
			isa = PBXGroup;
			children = (
				0440D7D0265259EC009883E4 /* Utilities.swift */,
			);
			path = Utilities;
			sourceTree = "<group>";
		};
		04633FA926479CD400BE576F = {
			isa = PBXGroup;
			children = (
				04A3103E2653A797008278CA /* New Group */,
				04633FB426479CD400BE576F /* FirstPhase */,
				04633FC626479CD600BE576F /* FirstPhaseTests */,
				04633FD126479CD600BE576F /* FirstPhaseUITests */,
				04633FB326479CD400BE576F /* Products */,
				E8DF96EA9DED5CE591C677C6 /* Pods */,
				F4DA1C9978C2DD9B96519525 /* Frameworks */,
			);
			sourceTree = "<group>";
		};
		04633FB326479CD400BE576F /* Products */ = {
			isa = PBXGroup;
			children = (
				04633FB226479CD400BE576F /* FirstPhase.app */,
				04633FC326479CD600BE576F /* FirstPhaseTests.xctest */,
				04633FCE26479CD600BE576F /* FirstPhaseUITests.xctest */,
			);
			name = Products;
			sourceTree = "<group>";
		};
		04633FB426479CD400BE576F /* FirstPhase */ = {
			isa = PBXGroup;
			children = (
				04633FB526479CD400BE576F /* FirstPhaseApp.swift */,
				04A3103F2653A852008278CA /* AppDelegate.swift */,
				04633FB726479CD400BE576F /* ContentView.swift */,
				0489B59A264A1F5500BB0DD9 /* ViewModel */,
				0489B599264A1F1400BB0DD9 /* Model */,
				0497AA4F2649002E000082CE /* View */,
				0440D7CF265259B1009883E4 /* Utilities */,
				04633FB926479CD500BE576F /* Assets.xcassets */,
				04633FBE26479CD500BE576F /* Info.plist */,
				04A3103C2653A048008278CA /* GoogleService-Info.plist */,
				04633FBB26479CD500BE576F /* Preview Content */,
			);
			path = FirstPhase;
			sourceTree = "<group>";
		};
		04633FBB26479CD500BE576F /* Preview Content */ = {
			isa = PBXGroup;
			children = (
				04633FBC26479CD500BE576F /* Preview Assets.xcassets */,
			);
			path = "Preview Content";
			sourceTree = "<group>";
		};
		04633FC626479CD600BE576F /* FirstPhaseTests */ = {
			isa = PBXGroup;
			children = (
				04633FC726479CD600BE576F /* FirstPhaseTests.swift */,
				04A25A4F265941F100CB91CD /* PracticeLogicTests.swift */,
				04633FC926479CD600BE576F /* Info.plist */,
			);
			path = FirstPhaseTests;
			sourceTree = "<group>";
		};
		04633FD126479CD600BE576F /* FirstPhaseUITests */ = {
			isa = PBXGroup;
			children = (
				04633FD226479CD600BE576F /* FirstPhaseUITests.swift */,
				04633FD426479CD600BE576F /* Info.plist */,
			);
			path = FirstPhaseUITests;
			sourceTree = "<group>";
		};
		0488F082264CCC4600476C97 /* MainPages */ = {
			isa = PBXGroup;
			children = (
				0497AA4B2648FB30000082CE /* MainTabView.swift */,
				0497AA4D26490001000082CE /* TweetView.swift */,
				0497AA5026490050000082CE /* PracticeView.swift */,
				0497AA522649005D000082CE /* ResultView.swift */,
				0497AA542649006B000082CE /* SettingOtherView.swift */,
			);
			path = MainPages;
			sourceTree = "<group>";
		};
		0488F083264CCC5D00476C97 /* SubPages */ = {
			isa = PBXGroup;
			children = (
				0488F086264CCCAB00476C97 /* TweetPracticeView.swift */,
				0488F084264CCC9000476C97 /* CreatePracticeView.swift */,
			);
			path = SubPages;
			sourceTree = "<group>";
		};
		0489B599264A1F1400BB0DD9 /* Model */ = {
			isa = PBXGroup;
			children = (
				04AA219A264E653A003963D1 /* Practice.swift */,
				04AE2F90265379E800F0D945 /* User.swift */,
				04AE2F8E2653743A00F0D945 /* Tweet.swift */,
				04AE2F9226537BC100F0D945 /* Comment.swift */,
				041A0DB4264B8D8900B92738 /* DateItem.swift */,
				04AA219C264E718E003963D1 /* SampleData.swift */,
				04AE2F8D265373F100F0D945 /* Logic */,
			);
			path = Model;
			sourceTree = "<group>";
		};
		0489B59A264A1F5500BB0DD9 /* ViewModel */ = {
			isa = PBXGroup;
			children = (
				04A2431E264BBA6400F4C566 /* CalendarViewModel.swift */,
				04553EAE2650D25C001CDA26 /* PracticeViewModel.swift */,
				04AE2F9426537FEA00F0D945 /* TweetViewModel.swift */,
				04985D3B26564C980006C5E5 /* CommentViewModel.swift */,
				04A31038265394B7008278CA /* UserViewModel.swift */,
			);
			path = ViewModel;
			sourceTree = "<group>";
		};
		0489B59F264A256C00BB0DD9 /* ViewParts */ = {
			isa = PBXGroup;
			children = (
				0489B5A0264A25A300BB0DD9 /* ResultGraphViewParts.swift */,
				04C4F35D264A74BD0045C71F /* ResultCalendarViewParts.swift */,
				0488F07E264CBAC800476C97 /* WeekCalendarViewParts.swift */,
				0488F080264CC31100476C97 /* DayCalendarViewParts.swift */,
			);
			path = ViewParts;
			sourceTree = "<group>";
		};
		0497AA4F2649002E000082CE /* View */ = {
			isa = PBXGroup;
			children = (
				0488F082264CCC4600476C97 /* MainPages */,
				0488F083264CCC5D00476C97 /* SubPages */,
				0497AA562649044F000082CE /* individualView */,
				0489B59F264A256C00BB0DD9 /* ViewParts */,
			);
			path = View;
			sourceTree = "<group>";
		};
		0497AA562649044F000082CE /* individualView */ = {
			isa = PBXGroup;
			children = (
				0474A59C264923A700D98E8E /* OneTweetView.swift */,
				0474A59E2649332200D98E8E /* OnePracticeView.swift */,
				0489B59B264A23A800BB0DD9 /* ResultByGraph.swift */,
				0489B59D264A23BA00BB0DD9 /* ResultByCalendar.swift */,
			);
			path = individualView;
			sourceTree = "<group>";
		};
		04A3103E2653A797008278CA /* New Group */ = {
			isa = PBXGroup;
			children = (
			);
			path = "New Group";
			sourceTree = "<group>";
		};
		04AE2F8D265373F100F0D945 /* Logic */ = {
			isa = PBXGroup;
			children = (
				04C4F35F264A7D070045C71F /* CalendarLogic.swift */,
				04553EAA2650C1C6001CDA26 /* PracticeLogic.swift */,
				04AE2F962653801900F0D945 /* TweetLogic.swift */,
				04985D3D26564D2C0006C5E5 /* CommentLogic.swift */,
				04A3103A2653952C008278CA /* UserLogic.swift */,
			);
			path = Logic;
			sourceTree = "<group>";
		};
		E8DF96EA9DED5CE591C677C6 /* Pods */ = {
			isa = PBXGroup;
			children = (
				F6CB1979666E0B0C1826C47E /* Pods-FirstPhase.debug.xcconfig */,
				110AE18D2AA30B0B26FB9E57 /* Pods-FirstPhase.release.xcconfig */,
				BB66E3D1725819A82ACABF48 /* Pods-FirstPhase-FirstPhaseUITests.debug.xcconfig */,
				CF0E3BB70EF963DAB9B81AF4 /* Pods-FirstPhase-FirstPhaseUITests.release.xcconfig */,
				7A7E2004AF5379B6F0A4ABEB /* Pods-FirstPhaseTests.debug.xcconfig */,
				F9290371B7B835B27685D020 /* Pods-FirstPhaseTests.release.xcconfig */,
			);
			path = Pods;
			sourceTree = "<group>";
		};
		F4DA1C9978C2DD9B96519525 /* Frameworks */ = {
			isa = PBXGroup;
			children = (
				64ED62753EF46EDF8EAEE5C5 /* Pods_FirstPhase.framework */,
				EF2431B31D70C8D32D5CA6C7 /* Pods_FirstPhase_FirstPhaseUITests.framework */,
				A19936E056A5B1DD151433F8 /* Pods_FirstPhaseTests.framework */,
			);
			name = Frameworks;
			sourceTree = "<group>";
		};
/* End PBXGroup section */

/* Begin PBXNativeTarget section */
		04633FB126479CD400BE576F /* FirstPhase */ = {
			isa = PBXNativeTarget;
			buildConfigurationList = 04633FD726479CD600BE576F /* Build configuration list for PBXNativeTarget "FirstPhase" */;
			buildPhases = (
				EED669CD31E87E61BCC4F129 /* [CP] Check Pods Manifest.lock */,
				04633FAE26479CD400BE576F /* Sources */,
				04633FAF26479CD400BE576F /* Frameworks */,
				04633FB026479CD400BE576F /* Resources */,
				86E06E465706C1B085868F1A /* [CP] Embed Pods Frameworks */,
			);
			buildRules = (
			);
			dependencies = (
			);
			name = FirstPhase;
			productName = FirstPhase;
			productReference = 04633FB226479CD400BE576F /* FirstPhase.app */;
			productType = "com.apple.product-type.application";
		};
		04633FC226479CD600BE576F /* FirstPhaseTests */ = {
			isa = PBXNativeTarget;
			buildConfigurationList = 04633FDA26479CD600BE576F /* Build configuration list for PBXNativeTarget "FirstPhaseTests" */;
			buildPhases = (
				EAFE63D5789AC6880279ED40 /* [CP] Check Pods Manifest.lock */,
				04633FBF26479CD600BE576F /* Sources */,
				04633FC026479CD600BE576F /* Frameworks */,
				04633FC126479CD600BE576F /* Resources */,
			);
			buildRules = (
			);
			dependencies = (
				04633FC526479CD600BE576F /* PBXTargetDependency */,
			);
			name = FirstPhaseTests;
			productName = FirstPhaseTests;
			productReference = 04633FC326479CD600BE576F /* FirstPhaseTests.xctest */;
			productType = "com.apple.product-type.bundle.unit-test";
		};
		04633FCD26479CD600BE576F /* FirstPhaseUITests */ = {
			isa = PBXNativeTarget;
			buildConfigurationList = 04633FDD26479CD600BE576F /* Build configuration list for PBXNativeTarget "FirstPhaseUITests" */;
			buildPhases = (
				BC27D23870EE98659D942445 /* [CP] Check Pods Manifest.lock */,
				04633FCA26479CD600BE576F /* Sources */,
				04633FCB26479CD600BE576F /* Frameworks */,
				04633FCC26479CD600BE576F /* Resources */,
				67B323729C81855F9AB45C9F /* [CP] Embed Pods Frameworks */,
			);
			buildRules = (
			);
			dependencies = (
				04633FD026479CD600BE576F /* PBXTargetDependency */,
			);
			name = FirstPhaseUITests;
			productName = FirstPhaseUITests;
			productReference = 04633FCE26479CD600BE576F /* FirstPhaseUITests.xctest */;
			productType = "com.apple.product-type.bundle.ui-testing";
		};
/* End PBXNativeTarget section */

/* Begin PBXProject section */
		04633FAA26479CD400BE576F /* Project object */ = {
			isa = PBXProject;
			attributes = {
				LastSwiftUpdateCheck = 1250;
				LastUpgradeCheck = 1250;
				TargetAttributes = {
					04633FB126479CD400BE576F = {
						CreatedOnToolsVersion = 12.5;
					};
					04633FC226479CD600BE576F = {
						CreatedOnToolsVersion = 12.5;
						TestTargetID = 04633FB126479CD400BE576F;
					};
					04633FCD26479CD600BE576F = {
						CreatedOnToolsVersion = 12.5;
						TestTargetID = 04633FB126479CD400BE576F;
					};
				};
			};
			buildConfigurationList = 04633FAD26479CD400BE576F /* Build configuration list for PBXProject "FirstPhase" */;
			compatibilityVersion = "Xcode 9.3";
			developmentRegion = en;
			hasScannedForEncodings = 0;
			knownRegions = (
				en,
				Base,
			);
			mainGroup = 04633FA926479CD400BE576F;
			productRefGroup = 04633FB326479CD400BE576F /* Products */;
			projectDirPath = "";
			projectRoot = "";
			targets = (
				04633FB126479CD400BE576F /* FirstPhase */,
				04633FC226479CD600BE576F /* FirstPhaseTests */,
				04633FCD26479CD600BE576F /* FirstPhaseUITests */,
			);
		};
/* End PBXProject section */

/* Begin PBXResourcesBuildPhase section */
		04633FB026479CD400BE576F /* Resources */ = {
			isa = PBXResourcesBuildPhase;
			buildActionMask = 2147483647;
			files = (
				04633FBD26479CD500BE576F /* Preview Assets.xcassets in Resources */,
				04633FBA26479CD500BE576F /* Assets.xcassets in Resources */,
				04A3103D2653A048008278CA /* GoogleService-Info.plist in Resources */,
			);
			runOnlyForDeploymentPostprocessing = 0;
		};
		04633FC126479CD600BE576F /* Resources */ = {
			isa = PBXResourcesBuildPhase;
			buildActionMask = 2147483647;
			files = (
			);
			runOnlyForDeploymentPostprocessing = 0;
		};
		04633FCC26479CD600BE576F /* Resources */ = {
			isa = PBXResourcesBuildPhase;
			buildActionMask = 2147483647;
			files = (
			);
			runOnlyForDeploymentPostprocessing = 0;
		};
/* End PBXResourcesBuildPhase section */

/* Begin PBXShellScriptBuildPhase section */
		67B323729C81855F9AB45C9F /* [CP] Embed Pods Frameworks */ = {
			isa = PBXShellScriptBuildPhase;
			buildActionMask = 2147483647;
			files = (
			);
			inputFileListPaths = (
				"${PODS_ROOT}/Target Support Files/Pods-FirstPhase-FirstPhaseUITests/Pods-FirstPhase-FirstPhaseUITests-frameworks-${CONFIGURATION}-input-files.xcfilelist",
			);
			name = "[CP] Embed Pods Frameworks";
			outputFileListPaths = (
				"${PODS_ROOT}/Target Support Files/Pods-FirstPhase-FirstPhaseUITests/Pods-FirstPhase-FirstPhaseUITests-frameworks-${CONFIGURATION}-output-files.xcfilelist",
			);
			runOnlyForDeploymentPostprocessing = 0;
			shellPath = /bin/sh;
			shellScript = "\"${PODS_ROOT}/Target Support Files/Pods-FirstPhase-FirstPhaseUITests/Pods-FirstPhase-FirstPhaseUITests-frameworks.sh\"\n";
			showEnvVarsInLog = 0;
		};
		86E06E465706C1B085868F1A /* [CP] Embed Pods Frameworks */ = {
			isa = PBXShellScriptBuildPhase;
			buildActionMask = 2147483647;
			files = (
			);
			inputFileListPaths = (
				"${PODS_ROOT}/Target Support Files/Pods-FirstPhase/Pods-FirstPhase-frameworks-${CONFIGURATION}-input-files.xcfilelist",
			);
			name = "[CP] Embed Pods Frameworks";
			outputFileListPaths = (
				"${PODS_ROOT}/Target Support Files/Pods-FirstPhase/Pods-FirstPhase-frameworks-${CONFIGURATION}-output-files.xcfilelist",
			);
			runOnlyForDeploymentPostprocessing = 0;
			shellPath = /bin/sh;
			shellScript = "\"${PODS_ROOT}/Target Support Files/Pods-FirstPhase/Pods-FirstPhase-frameworks.sh\"\n";
			showEnvVarsInLog = 0;
		};
		BC27D23870EE98659D942445 /* [CP] Check Pods Manifest.lock */ = {
			isa = PBXShellScriptBuildPhase;
			buildActionMask = 2147483647;
			files = (
			);
			inputFileListPaths = (
			);
			inputPaths = (
				"${PODS_PODFILE_DIR_PATH}/Podfile.lock",
				"${PODS_ROOT}/Manifest.lock",
			);
			name = "[CP] Check Pods Manifest.lock";
			outputFileListPaths = (
			);
			outputPaths = (
				"$(DERIVED_FILE_DIR)/Pods-FirstPhase-FirstPhaseUITests-checkManifestLockResult.txt",
			);
			runOnlyForDeploymentPostprocessing = 0;
			shellPath = /bin/sh;
			shellScript = "diff \"${PODS_PODFILE_DIR_PATH}/Podfile.lock\" \"${PODS_ROOT}/Manifest.lock\" > /dev/null\nif [ $? != 0 ] ; then\n    # print error to STDERR\n    echo \"error: The sandbox is not in sync with the Podfile.lock. Run 'pod install' or update your CocoaPods installation.\" >&2\n    exit 1\nfi\n# This output is used by Xcode 'outputs' to avoid re-running this script phase.\necho \"SUCCESS\" > \"${SCRIPT_OUTPUT_FILE_0}\"\n";
			showEnvVarsInLog = 0;
		};
		EAFE63D5789AC6880279ED40 /* [CP] Check Pods Manifest.lock */ = {
			isa = PBXShellScriptBuildPhase;
			buildActionMask = 2147483647;
			files = (
			);
			inputFileListPaths = (
			);
			inputPaths = (
				"${PODS_PODFILE_DIR_PATH}/Podfile.lock",
				"${PODS_ROOT}/Manifest.lock",
			);
			name = "[CP] Check Pods Manifest.lock";
			outputFileListPaths = (
			);
			outputPaths = (
				"$(DERIVED_FILE_DIR)/Pods-FirstPhaseTests-checkManifestLockResult.txt",
			);
			runOnlyForDeploymentPostprocessing = 0;
			shellPath = /bin/sh;
			shellScript = "diff \"${PODS_PODFILE_DIR_PATH}/Podfile.lock\" \"${PODS_ROOT}/Manifest.lock\" > /dev/null\nif [ $? != 0 ] ; then\n    # print error to STDERR\n    echo \"error: The sandbox is not in sync with the Podfile.lock. Run 'pod install' or update your CocoaPods installation.\" >&2\n    exit 1\nfi\n# This output is used by Xcode 'outputs' to avoid re-running this script phase.\necho \"SUCCESS\" > \"${SCRIPT_OUTPUT_FILE_0}\"\n";
			showEnvVarsInLog = 0;
		};
		EED669CD31E87E61BCC4F129 /* [CP] Check Pods Manifest.lock */ = {
			isa = PBXShellScriptBuildPhase;
			buildActionMask = 2147483647;
			files = (
			);
			inputFileListPaths = (
			);
			inputPaths = (
				"${PODS_PODFILE_DIR_PATH}/Podfile.lock",
				"${PODS_ROOT}/Manifest.lock",
			);
			name = "[CP] Check Pods Manifest.lock";
			outputFileListPaths = (
			);
			outputPaths = (
				"$(DERIVED_FILE_DIR)/Pods-FirstPhase-checkManifestLockResult.txt",
			);
			runOnlyForDeploymentPostprocessing = 0;
			shellPath = /bin/sh;
			shellScript = "diff \"${PODS_PODFILE_DIR_PATH}/Podfile.lock\" \"${PODS_ROOT}/Manifest.lock\" > /dev/null\nif [ $? != 0 ] ; then\n    # print error to STDERR\n    echo \"error: The sandbox is not in sync with the Podfile.lock. Run 'pod install' or update your CocoaPods installation.\" >&2\n    exit 1\nfi\n# This output is used by Xcode 'outputs' to avoid re-running this script phase.\necho \"SUCCESS\" > \"${SCRIPT_OUTPUT_FILE_0}\"\n";
			showEnvVarsInLog = 0;
		};
/* End PBXShellScriptBuildPhase section */

/* Begin PBXSourcesBuildPhase section */
		04633FAE26479CD400BE576F /* Sources */ = {
			isa = PBXSourcesBuildPhase;
			buildActionMask = 2147483647;
			files = (
				04A310402653A852008278CA /* AppDelegate.swift in Sources */,
				04C4F360264A7D070045C71F /* CalendarLogic.swift in Sources */,
				04AE2F9526537FEA00F0D945 /* TweetViewModel.swift in Sources */,
				04553EAF2650D25C001CDA26 /* PracticeViewModel.swift in Sources */,
				04633FB826479CD400BE576F /* ContentView.swift in Sources */,
				04AE2F9326537BC100F0D945 /* Comment.swift in Sources */,
				0489B59E264A23BA00BB0DD9 /* ResultByCalendar.swift in Sources */,
				0488F085264CCC9000476C97 /* CreatePracticeView.swift in Sources */,
				04AE2F91265379E800F0D945 /* User.swift in Sources */,
				04AE2F8F2653743A00F0D945 /* Tweet.swift in Sources */,
				0497AA5126490050000082CE /* PracticeView.swift in Sources */,
				04AE2F972653801900F0D945 /* TweetLogic.swift in Sources */,
				04985D3E26564D2C0006C5E5 /* CommentLogic.swift in Sources */,
				0474A59D264923A700D98E8E /* OneTweetView.swift in Sources */,
				04633FB626479CD400BE576F /* FirstPhaseApp.swift in Sources */,
				0474A59F2649332200D98E8E /* OnePracticeView.swift in Sources */,
				0489B5A1264A25A300BB0DD9 /* ResultGraphViewParts.swift in Sources */,
				04AA219B264E653A003963D1 /* Practice.swift in Sources */,
				0488F07F264CBAC800476C97 /* WeekCalendarViewParts.swift in Sources */,
				04985D3C26564C980006C5E5 /* CommentViewModel.swift in Sources */,
				04553EAB2650C1C6001CDA26 /* PracticeLogic.swift in Sources */,
				04A2431F264BBA6400F4C566 /* CalendarViewModel.swift in Sources */,
				0488F081264CC31100476C97 /* DayCalendarViewParts.swift in Sources */,
				0497AA552649006B000082CE /* SettingOtherView.swift in Sources */,
				0489B59C264A23A800BB0DD9 /* ResultByGraph.swift in Sources */,
				0497AA4E26490001000082CE /* TweetView.swift in Sources */,
				04A3103B2653952C008278CA /* UserLogic.swift in Sources */,
				04C4F35E264A74BD0045C71F /* ResultCalendarViewParts.swift in Sources */,
				0497AA4C2648FB30000082CE /* MainTabView.swift in Sources */,
				0488F087264CCCAB00476C97 /* TweetPracticeView.swift in Sources */,
				04A31039265394B7008278CA /* UserViewModel.swift in Sources */,
				04AA219D264E718E003963D1 /* SampleData.swift in Sources */,
				041A0DB5264B8D8900B92738 /* DateItem.swift in Sources */,
				0440D7D1265259EC009883E4 /* Utilities.swift in Sources */,
				0497AA532649005D000082CE /* ResultView.swift in Sources */,
			);
			runOnlyForDeploymentPostprocessing = 0;
		};
		04633FBF26479CD600BE576F /* Sources */ = {
			isa = PBXSourcesBuildPhase;
			buildActionMask = 2147483647;
			files = (
				04633FC826479CD600BE576F /* FirstPhaseTests.swift in Sources */,
				04A25A50265941F100CB91CD /* PracticeLogicTests.swift in Sources */,
			);
			runOnlyForDeploymentPostprocessing = 0;
		};
		04633FCA26479CD600BE576F /* Sources */ = {
			isa = PBXSourcesBuildPhase;
			buildActionMask = 2147483647;
			files = (
				04633FD326479CD600BE576F /* FirstPhaseUITests.swift in Sources */,
			);
			runOnlyForDeploymentPostprocessing = 0;
		};
/* End PBXSourcesBuildPhase section */

/* Begin PBXTargetDependency section */
		04633FC526479CD600BE576F /* PBXTargetDependency */ = {
			isa = PBXTargetDependency;
			target = 04633FB126479CD400BE576F /* FirstPhase */;
			targetProxy = 04633FC426479CD600BE576F /* PBXContainerItemProxy */;
		};
		04633FD026479CD600BE576F /* PBXTargetDependency */ = {
			isa = PBXTargetDependency;
			target = 04633FB126479CD400BE576F /* FirstPhase */;
			targetProxy = 04633FCF26479CD600BE576F /* PBXContainerItemProxy */;
		};
/* End PBXTargetDependency section */

/* Begin XCBuildConfiguration section */
		04633FD526479CD600BE576F /* Debug */ = {
			isa = XCBuildConfiguration;
			buildSettings = {
				ALWAYS_SEARCH_USER_PATHS = NO;
				CLANG_ANALYZER_NONNULL = YES;
				CLANG_ANALYZER_NUMBER_OBJECT_CONVERSION = YES_AGGRESSIVE;
				CLANG_CXX_LANGUAGE_STANDARD = "gnu++14";
				CLANG_CXX_LIBRARY = "libc++";
				CLANG_ENABLE_MODULES = YES;
				CLANG_ENABLE_OBJC_ARC = YES;
				CLANG_ENABLE_OBJC_WEAK = YES;
				CLANG_WARN_BLOCK_CAPTURE_AUTORELEASING = YES;
				CLANG_WARN_BOOL_CONVERSION = YES;
				CLANG_WARN_COMMA = YES;
				CLANG_WARN_CONSTANT_CONVERSION = YES;
				CLANG_WARN_DEPRECATED_OBJC_IMPLEMENTATIONS = YES;
				CLANG_WARN_DIRECT_OBJC_ISA_USAGE = YES_ERROR;
				CLANG_WARN_DOCUMENTATION_COMMENTS = YES;
				CLANG_WARN_EMPTY_BODY = YES;
				CLANG_WARN_ENUM_CONVERSION = YES;
				CLANG_WARN_INFINITE_RECURSION = YES;
				CLANG_WARN_INT_CONVERSION = YES;
				CLANG_WARN_NON_LITERAL_NULL_CONVERSION = YES;
				CLANG_WARN_OBJC_IMPLICIT_RETAIN_SELF = YES;
				CLANG_WARN_OBJC_LITERAL_CONVERSION = YES;
				CLANG_WARN_OBJC_ROOT_CLASS = YES_ERROR;
				CLANG_WARN_QUOTED_INCLUDE_IN_FRAMEWORK_HEADER = YES;
				CLANG_WARN_RANGE_LOOP_ANALYSIS = YES;
				CLANG_WARN_STRICT_PROTOTYPES = YES;
				CLANG_WARN_SUSPICIOUS_MOVE = YES;
				CLANG_WARN_UNGUARDED_AVAILABILITY = YES_AGGRESSIVE;
				CLANG_WARN_UNREACHABLE_CODE = YES;
				CLANG_WARN__DUPLICATE_METHOD_MATCH = YES;
				COPY_PHASE_STRIP = NO;
				DEBUG_INFORMATION_FORMAT = dwarf;
				ENABLE_STRICT_OBJC_MSGSEND = YES;
				ENABLE_TESTABILITY = YES;
				GCC_C_LANGUAGE_STANDARD = gnu11;
				GCC_DYNAMIC_NO_PIC = NO;
				GCC_NO_COMMON_BLOCKS = YES;
				GCC_OPTIMIZATION_LEVEL = 0;
				GCC_PREPROCESSOR_DEFINITIONS = (
					"DEBUG=1",
					"$(inherited)",
				);
				GCC_WARN_64_TO_32_BIT_CONVERSION = YES;
				GCC_WARN_ABOUT_RETURN_TYPE = YES_ERROR;
				GCC_WARN_UNDECLARED_SELECTOR = YES;
				GCC_WARN_UNINITIALIZED_AUTOS = YES_AGGRESSIVE;
				GCC_WARN_UNUSED_FUNCTION = YES;
				GCC_WARN_UNUSED_VARIABLE = YES;
				IPHONEOS_DEPLOYMENT_TARGET = 14.5;
				MTL_ENABLE_DEBUG_INFO = INCLUDE_SOURCE;
				MTL_FAST_MATH = YES;
				ONLY_ACTIVE_ARCH = YES;
				SDKROOT = iphoneos;
				SWIFT_ACTIVE_COMPILATION_CONDITIONS = DEBUG;
				SWIFT_OPTIMIZATION_LEVEL = "-Onone";
			};
			name = Debug;
		};
		04633FD626479CD600BE576F /* Release */ = {
			isa = XCBuildConfiguration;
			buildSettings = {
				ALWAYS_SEARCH_USER_PATHS = NO;
				CLANG_ANALYZER_NONNULL = YES;
				CLANG_ANALYZER_NUMBER_OBJECT_CONVERSION = YES_AGGRESSIVE;
				CLANG_CXX_LANGUAGE_STANDARD = "gnu++14";
				CLANG_CXX_LIBRARY = "libc++";
				CLANG_ENABLE_MODULES = YES;
				CLANG_ENABLE_OBJC_ARC = YES;
				CLANG_ENABLE_OBJC_WEAK = YES;
				CLANG_WARN_BLOCK_CAPTURE_AUTORELEASING = YES;
				CLANG_WARN_BOOL_CONVERSION = YES;
				CLANG_WARN_COMMA = YES;
				CLANG_WARN_CONSTANT_CONVERSION = YES;
				CLANG_WARN_DEPRECATED_OBJC_IMPLEMENTATIONS = YES;
				CLANG_WARN_DIRECT_OBJC_ISA_USAGE = YES_ERROR;
				CLANG_WARN_DOCUMENTATION_COMMENTS = YES;
				CLANG_WARN_EMPTY_BODY = YES;
				CLANG_WARN_ENUM_CONVERSION = YES;
				CLANG_WARN_INFINITE_RECURSION = YES;
				CLANG_WARN_INT_CONVERSION = YES;
				CLANG_WARN_NON_LITERAL_NULL_CONVERSION = YES;
				CLANG_WARN_OBJC_IMPLICIT_RETAIN_SELF = YES;
				CLANG_WARN_OBJC_LITERAL_CONVERSION = YES;
				CLANG_WARN_OBJC_ROOT_CLASS = YES_ERROR;
				CLANG_WARN_QUOTED_INCLUDE_IN_FRAMEWORK_HEADER = YES;
				CLANG_WARN_RANGE_LOOP_ANALYSIS = YES;
				CLANG_WARN_STRICT_PROTOTYPES = YES;
				CLANG_WARN_SUSPICIOUS_MOVE = YES;
				CLANG_WARN_UNGUARDED_AVAILABILITY = YES_AGGRESSIVE;
				CLANG_WARN_UNREACHABLE_CODE = YES;
				CLANG_WARN__DUPLICATE_METHOD_MATCH = YES;
				COPY_PHASE_STRIP = NO;
				DEBUG_INFORMATION_FORMAT = "dwarf-with-dsym";
				ENABLE_NS_ASSERTIONS = NO;
				ENABLE_STRICT_OBJC_MSGSEND = YES;
				GCC_C_LANGUAGE_STANDARD = gnu11;
				GCC_NO_COMMON_BLOCKS = YES;
				GCC_WARN_64_TO_32_BIT_CONVERSION = YES;
				GCC_WARN_ABOUT_RETURN_TYPE = YES_ERROR;
				GCC_WARN_UNDECLARED_SELECTOR = YES;
				GCC_WARN_UNINITIALIZED_AUTOS = YES_AGGRESSIVE;
				GCC_WARN_UNUSED_FUNCTION = YES;
				GCC_WARN_UNUSED_VARIABLE = YES;
				IPHONEOS_DEPLOYMENT_TARGET = 14.5;
				MTL_ENABLE_DEBUG_INFO = NO;
				MTL_FAST_MATH = YES;
				SDKROOT = iphoneos;
				SWIFT_COMPILATION_MODE = wholemodule;
				SWIFT_OPTIMIZATION_LEVEL = "-O";
				VALIDATE_PRODUCT = YES;
			};
			name = Release;
		};
		04633FD826479CD600BE576F /* Debug */ = {
			isa = XCBuildConfiguration;
			baseConfigurationReference = F6CB1979666E0B0C1826C47E /* Pods-FirstPhase.debug.xcconfig */;
			buildSettings = {
				ASSETCATALOG_COMPILER_APPICON_NAME = AppIcon;
				ASSETCATALOG_COMPILER_GLOBAL_ACCENT_COLOR_NAME = AccentColor;
				CODE_SIGN_STYLE = Automatic;
				DEVELOPMENT_ASSET_PATHS = "\"FirstPhase/Preview Content\"";
				DEVELOPMENT_TEAM = CCX6AV44RN;
				ENABLE_PREVIEWS = YES;
				INFOPLIST_FILE = FirstPhase/Info.plist;
				IPHONEOS_DEPLOYMENT_TARGET = 14.0;
				LD_RUNPATH_SEARCH_PATHS = (
					"$(inherited)",
					"@executable_path/Frameworks",
				);
				PRODUCT_BUNDLE_IDENTIFIER = "don.kusao2-1.FirstPhase";
				PRODUCT_NAME = "$(TARGET_NAME)";
				SWIFT_VERSION = 5.0;
				TARGETED_DEVICE_FAMILY = "1,2";
			};
			name = Debug;
		};
		04633FD926479CD600BE576F /* Release */ = {
			isa = XCBuildConfiguration;
			baseConfigurationReference = 110AE18D2AA30B0B26FB9E57 /* Pods-FirstPhase.release.xcconfig */;
			buildSettings = {
				ASSETCATALOG_COMPILER_APPICON_NAME = AppIcon;
				ASSETCATALOG_COMPILER_GLOBAL_ACCENT_COLOR_NAME = AccentColor;
				CODE_SIGN_STYLE = Automatic;
				DEVELOPMENT_ASSET_PATHS = "\"FirstPhase/Preview Content\"";
				DEVELOPMENT_TEAM = CCX6AV44RN;
				ENABLE_PREVIEWS = YES;
				INFOPLIST_FILE = FirstPhase/Info.plist;
				IPHONEOS_DEPLOYMENT_TARGET = 14.0;
				LD_RUNPATH_SEARCH_PATHS = (
					"$(inherited)",
					"@executable_path/Frameworks",
				);
				PRODUCT_BUNDLE_IDENTIFIER = "don.kusao2-1.FirstPhase";
				PRODUCT_NAME = "$(TARGET_NAME)";
				SWIFT_VERSION = 5.0;
				TARGETED_DEVICE_FAMILY = "1,2";
			};
			name = Release;
		};
		04633FDB26479CD600BE576F /* Debug */ = {
			isa = XCBuildConfiguration;
			baseConfigurationReference = 7A7E2004AF5379B6F0A4ABEB /* Pods-FirstPhaseTests.debug.xcconfig */;
			buildSettings = {
				ALWAYS_EMBED_SWIFT_STANDARD_LIBRARIES = YES;
				BUNDLE_LOADER = "$(TEST_HOST)";
				CODE_SIGN_STYLE = Automatic;
				DEVELOPMENT_TEAM = CCX6AV44RN;
				INFOPLIST_FILE = FirstPhaseTests/Info.plist;
				IPHONEOS_DEPLOYMENT_TARGET = 14.0;
				LD_RUNPATH_SEARCH_PATHS = (
					"$(inherited)",
					"@executable_path/Frameworks",
					"@loader_path/Frameworks",
				);
				PRODUCT_BUNDLE_IDENTIFIER = "don.kusao2-1.FirstPhaseTests";
				PRODUCT_NAME = "$(TARGET_NAME)";
				SWIFT_VERSION = 5.0;
				TARGETED_DEVICE_FAMILY = "1,2";
				TEST_HOST = "$(BUILT_PRODUCTS_DIR)/FirstPhase.app/FirstPhase";
			};
			name = Debug;
		};
		04633FDC26479CD600BE576F /* Release */ = {
			isa = XCBuildConfiguration;
			baseConfigurationReference = F9290371B7B835B27685D020 /* Pods-FirstPhaseTests.release.xcconfig */;
			buildSettings = {
				ALWAYS_EMBED_SWIFT_STANDARD_LIBRARIES = YES;
				BUNDLE_LOADER = "$(TEST_HOST)";
				CODE_SIGN_STYLE = Automatic;
				DEVELOPMENT_TEAM = CCX6AV44RN;
				INFOPLIST_FILE = FirstPhaseTests/Info.plist;
				IPHONEOS_DEPLOYMENT_TARGET = 14.0;
				LD_RUNPATH_SEARCH_PATHS = (
					"$(inherited)",
					"@executable_path/Frameworks",
					"@loader_path/Frameworks",
				);
				PRODUCT_BUNDLE_IDENTIFIER = "don.kusao2-1.FirstPhaseTests";
				PRODUCT_NAME = "$(TARGET_NAME)";
				SWIFT_VERSION = 5.0;
				TARGETED_DEVICE_FAMILY = "1,2";
				TEST_HOST = "$(BUILT_PRODUCTS_DIR)/FirstPhase.app/FirstPhase";
			};
			name = Release;
		};
		04633FDE26479CD600BE576F /* Debug */ = {
			isa = XCBuildConfiguration;
			baseConfigurationReference = BB66E3D1725819A82ACABF48 /* Pods-FirstPhase-FirstPhaseUITests.debug.xcconfig */;
			buildSettings = {
				ALWAYS_EMBED_SWIFT_STANDARD_LIBRARIES = YES;
				CODE_SIGN_STYLE = Automatic;
				DEVELOPMENT_TEAM = CCX6AV44RN;
				INFOPLIST_FILE = FirstPhaseUITests/Info.plist;
				LD_RUNPATH_SEARCH_PATHS = (
					"$(inherited)",
					"@executable_path/Frameworks",
					"@loader_path/Frameworks",
				);
				PRODUCT_BUNDLE_IDENTIFIER = "don.kusao2-1.FirstPhaseUITests";
				PRODUCT_NAME = "$(TARGET_NAME)";
				SWIFT_VERSION = 5.0;
				TARGETED_DEVICE_FAMILY = "1,2";
				TEST_TARGET_NAME = FirstPhase;
			};
			name = Debug;
		};
		04633FDF26479CD600BE576F /* Release */ = {
			isa = XCBuildConfiguration;
			baseConfigurationReference = CF0E3BB70EF963DAB9B81AF4 /* Pods-FirstPhase-FirstPhaseUITests.release.xcconfig */;
			buildSettings = {
				ALWAYS_EMBED_SWIFT_STANDARD_LIBRARIES = YES;
				CODE_SIGN_STYLE = Automatic;
				DEVELOPMENT_TEAM = CCX6AV44RN;
				INFOPLIST_FILE = FirstPhaseUITests/Info.plist;
				LD_RUNPATH_SEARCH_PATHS = (
					"$(inherited)",
					"@executable_path/Frameworks",
					"@loader_path/Frameworks",
				);
				PRODUCT_BUNDLE_IDENTIFIER = "don.kusao2-1.FirstPhaseUITests";
				PRODUCT_NAME = "$(TARGET_NAME)";
				SWIFT_VERSION = 5.0;
				TARGETED_DEVICE_FAMILY = "1,2";
				TEST_TARGET_NAME = FirstPhase;
			};
			name = Release;
		};
/* End XCBuildConfiguration section */

/* Begin XCConfigurationList section */
		04633FAD26479CD400BE576F /* Build configuration list for PBXProject "FirstPhase" */ = {
			isa = XCConfigurationList;
			buildConfigurations = (
				04633FD526479CD600BE576F /* Debug */,
				04633FD626479CD600BE576F /* Release */,
			);
			defaultConfigurationIsVisible = 0;
			defaultConfigurationName = Release;
		};
		04633FD726479CD600BE576F /* Build configuration list for PBXNativeTarget "FirstPhase" */ = {
			isa = XCConfigurationList;
			buildConfigurations = (
				04633FD826479CD600BE576F /* Debug */,
				04633FD926479CD600BE576F /* Release */,
			);
			defaultConfigurationIsVisible = 0;
			defaultConfigurationName = Release;
		};
		04633FDA26479CD600BE576F /* Build configuration list for PBXNativeTarget "FirstPhaseTests" */ = {
			isa = XCConfigurationList;
			buildConfigurations = (
				04633FDB26479CD600BE576F /* Debug */,
				04633FDC26479CD600BE576F /* Release */,
			);
			defaultConfigurationIsVisible = 0;
			defaultConfigurationName = Release;
		};
		04633FDD26479CD600BE576F /* Build configuration list for PBXNativeTarget "FirstPhaseUITests" */ = {
			isa = XCConfigurationList;
			buildConfigurations = (
				04633FDE26479CD600BE576F /* Debug */,
				04633FDF26479CD600BE576F /* Release */,
			);
			defaultConfigurationIsVisible = 0;
			defaultConfigurationName = Release;
		};
/* End XCConfigurationList section */
	};
	rootObject = 04633FAA26479CD400BE576F /* Project object */;
}
